
Microsoft Visual Studio Solution File, Format Version 12.00
# Visual Studio Version 17
VisualStudioVersion = 17.2.32505.173
MinimumVisualStudioVersion = 10.0.40219.1
Project("{8BC9CEB8-8B4A-11D0-8D11-00A0C91BC942}") = "ETB.Core", "ETB.Core\ETB.Core.vcxproj", "{A0083841-7B6B-43F3-B977-6DD47A4C2409}"
EndProject
Project("{8BC9CEB8-8B4A-11D0-8D11-00A0C91BC942}") = "ETB.Editor", "ETB.Editor\ETB.Editor.vcxproj", "{03624DB3-CD75-4393-AAEA-F23D67EAE40E}"
EndProject
Project("{8BC9CEB8-8B4A-11D0-8D11-00A0C91BC942}") = "pythoncore", "cpython\PCbuild\pythoncore.vcxproj", "{CF7AC3D1-E2DF-41D2-BEA6-1E2556CDEA26}"
EndProject
Global
	GlobalSection(SolutionConfigurationPlatforms) = preSolution
		Debug|ARM = Debug|ARM
		Debug|ARM64 = Debug|ARM64
		Debug|x64 = Debug|x64
		Debug|x86 = Debug|x86
		PGInstrument|ARM = PGInstrument|ARM
		PGInstrument|ARM64 = PGInstrument|ARM64
		PGInstrument|x64 = PGInstrument|x64
		PGInstrument|x86 = PGInstrument|x86
		PGUpdate|ARM = PGUpdate|ARM
		PGUpdate|ARM64 = PGUpdate|ARM64
		PGUpdate|x64 = PGUpdate|x64
		PGUpdate|x86 = PGUpdate|x86
		Release|ARM = Release|ARM
		Release|ARM64 = Release|ARM64
		Release|x64 = Release|x64
		Release|x86 = Release|x86
	EndGlobalSection
	GlobalSection(ProjectConfigurationPlatforms) = postSolution
		{A0083841-7B6B-43F3-B977-6DD47A4C2409}.Debug|ARM.ActiveCfg = Debug|x64
		{A0083841-7B6B-43F3-B977-6DD47A4C2409}.Debug|ARM.Build.0 = Debug|x64
		{A0083841-7B6B-43F3-B977-6DD47A4C2409}.Debug|ARM64.ActiveCfg = Debug|x64
		{A0083841-7B6B-43F3-B977-6DD47A4C2409}.Debug|ARM64.Build.0 = Debug|x64
		{A0083841-7B6B-43F3-B977-6DD47A4C2409}.Debug|x64.ActiveCfg = Debug|x64
		{A0083841-7B6B-43F3-B977-6DD47A4C2409}.Debug|x64.Build.0 = Debug|x64
		{A0083841-7B6B-43F3-B977-6DD47A4C2409}.Debug|x86.ActiveCfg = Debug|Win32
		{A0083841-7B6B-43F3-B977-6DD47A4C2409}.Debug|x86.Build.0 = Debug|Win32
		{A0083841-7B6B-43F3-B977-6DD47A4C2409}.PGInstrument|ARM.ActiveCfg = Release|x64
		{A0083841-7B6B-43F3-B977-6DD47A4C2409}.PGInstrument|ARM.Build.0 = Release|x64
		{A0083841-7B6B-43F3-B977-6DD47A4C2409}.PGInstrument|ARM64.ActiveCfg = Release|x64
		{A0083841-7B6B-43F3-B977-6DD47A4C2409}.PGInstrument|ARM64.Build.0 = Release|x64
		{A0083841-7B6B-43F3-B977-6DD47A4C2409}.PGInstrument|x64.ActiveCfg = Release|x64
		{A0083841-7B6B-43F3-B977-6DD47A4C2409}.PGInstrument|x64.Build.0 = Release|x64
		{A0083841-7B6B-43F3-B977-6DD47A4C2409}.PGInstrument|x86.ActiveCfg = Release|Win32
		{A0083841-7B6B-43F3-B977-6DD47A4C2409}.PGInstrument|x86.Build.0 = Release|Win32
		{A0083841-7B6B-43F3-B977-6DD47A4C2409}.PGUpdate|ARM.ActiveCfg = Release|x64
		{A0083841-7B6B-43F3-B977-6DD47A4C2409}.PGUpdate|ARM.Build.0 = Release|x64
		{A0083841-7B6B-43F3-B977-6DD47A4C2409}.PGUpdate|ARM64.ActiveCfg = Release|x64
		{A0083841-7B6B-43F3-B977-6DD47A4C2409}.PGUpdate|ARM64.Build.0 = Release|x64
		{A0083841-7B6B-43F3-B977-6DD47A4C2409}.PGUpdate|x64.ActiveCfg = Release|x64
		{A0083841-7B6B-43F3-B977-6DD47A4C2409}.PGUpdate|x64.Build.0 = Release|x64
		{A0083841-7B6B-43F3-B977-6DD47A4C2409}.PGUpdate|x86.ActiveCfg = Release|Win32
		{A0083841-7B6B-43F3-B977-6DD47A4C2409}.PGUpdate|x86.Build.0 = Release|Win32
		{A0083841-7B6B-43F3-B977-6DD47A4C2409}.Release|ARM.ActiveCfg = Release|x64
		{A0083841-7B6B-43F3-B977-6DD47A4C2409}.Release|ARM.Build.0 = Release|x64
		{A0083841-7B6B-43F3-B977-6DD47A4C2409}.Release|ARM64.ActiveCfg = Release|x64
		{A0083841-7B6B-43F3-B977-6DD47A4C2409}.Release|ARM64.Build.0 = Release|x64
		{A0083841-7B6B-43F3-B977-6DD47A4C2409}.Release|x64.ActiveCfg = Release|x64
		{A0083841-7B6B-43F3-B977-6DD47A4C2409}.Release|x64.Build.0 = Release|x64
		{A0083841-7B6B-43F3-B977-6DD47A4C2409}.Release|x86.ActiveCfg = Release|Win32
		{A0083841-7B6B-43F3-B977-6DD47A4C2409}.Release|x86.Build.0 = Release|Win32
		{03624DB3-CD75-4393-AAEA-F23D67EAE40E}.Debug|ARM.ActiveCfg = Debug|x64
		{03624DB3-CD75-4393-AAEA-F23D67EAE40E}.Debug|ARM.Build.0 = Debug|x64
		{03624DB3-CD75-4393-AAEA-F23D67EAE40E}.Debug|ARM64.ActiveCfg = Debug|x64
		{03624DB3-CD75-4393-AAEA-F23D67EAE40E}.Debug|ARM64.Build.0 = Debug|x64
		{03624DB3-CD75-4393-AAEA-F23D67EAE40E}.Debug|x64.ActiveCfg = Debug|x64
		{03624DB3-CD75-4393-AAEA-F23D67EAE40E}.Debug|x64.Build.0 = Debug|x64
		{03624DB3-CD75-4393-AAEA-F23D67EAE40E}.Debug|x86.ActiveCfg = Debug|Win32
		{03624DB3-CD75-4393-AAEA-F23D67EAE40E}.Debug|x86.Build.0 = Debug|Win32
		{03624DB3-CD75-4393-AAEA-F23D67EAE40E}.PGInstrument|ARM.ActiveCfg = Release|x64
		{03624DB3-CD75-4393-AAEA-F23D67EAE40E}.PGInstrument|ARM.Build.0 = Release|x64
		{03624DB3-CD75-4393-AAEA-F23D67EAE40E}.PGInstrument|ARM64.ActiveCfg = Release|x64
		{03624DB3-CD75-4393-AAEA-F23D67EAE40E}.PGInstrument|ARM64.Build.0 = Release|x64
		{03624DB3-CD75-4393-AAEA-F23D67EAE40E}.PGInstrument|x64.ActiveCfg = Release|x64
		{03624DB3-CD75-4393-AAEA-F23D67EAE40E}.PGInstrument|x64.Build.0 = Release|x64
		{03624DB3-CD75-4393-AAEA-F23D67EAE40E}.PGInstrument|x86.ActiveCfg = Release|Win32
		{03624DB3-CD75-4393-AAEA-F23D67EAE40E}.PGInstrument|x86.Build.0 = Release|Win32
		{03624DB3-CD75-4393-AAEA-F23D67EAE40E}.PGUpdate|ARM.ActiveCfg = Release|x64
		{03624DB3-CD75-4393-AAEA-F23D67EAE40E}.PGUpdate|ARM.Build.0 = Release|x64
		{03624DB3-CD75-4393-AAEA-F23D67EAE40E}.PGUpdate|ARM64.ActiveCfg = Release|x64
		{03624DB3-CD75-4393-AAEA-F23D67EAE40E}.PGUpdate|ARM64.Build.0 = Release|x64
		{03624DB3-CD75-4393-AAEA-F23D67EAE40E}.PGUpdate|x64.ActiveCfg = Release|x64
		{03624DB3-CD75-4393-AAEA-F23D67EAE40E}.PGUpdate|x64.Build.0 = Release|x64
		{03624DB3-CD75-4393-AAEA-F23D67EAE40E}.PGUpdate|x86.ActiveCfg = Release|Win32
		{03624DB3-CD75-4393-AAEA-F23D67EAE40E}.PGUpdate|x86.Build.0 = Release|Win32
		{03624DB3-CD75-4393-AAEA-F23D67EAE40E}.Release|ARM.ActiveCfg = Release|x64
		{03624DB3-CD75-4393-AAEA-F23D67EAE40E}.Release|ARM.Build.0 = Release|x64
		{03624DB3-CD75-4393-AAEA-F23D67EAE40E}.Release|ARM64.ActiveCfg = Release|x64
		{03624DB3-CD75-4393-AAEA-F23D67EAE40E}.Release|ARM64.Build.0 = Release|x64
		{03624DB3-CD75-4393-AAEA-F23D67EAE40E}.Release|x64.ActiveCfg = Release|x64
		{03624DB3-CD75-4393-AAEA-F23D67EAE40E}.Release|x64.Build.0 = Release|x64
		{03624DB3-CD75-4393-AAEA-F23D67EAE40E}.Release|x86.ActiveCfg = Release|Win32
		{03624DB3-CD75-4393-AAEA-F23D67EAE40E}.Release|x86.Build.0 = Release|Win32
		{CF7AC3D1-E2DF-41D2-BEA6-1E2556CDEA26}.Debug|ARM.ActiveCfg = Debug|ARM
		{CF7AC3D1-E2DF-41D2-BEA6-1E2556CDEA26}.Debug|ARM.Build.0 = Debug|ARM
		{CF7AC3D1-E2DF-41D2-BEA6-1E2556CDEA26}.Debug|ARM64.ActiveCfg = Debug|ARM64
		{CF7AC3D1-E2DF-41D2-BEA6-1E2556CDEA26}.Debug|ARM64.Build.0 = Debug|ARM64
		{CF7AC3D1-E2DF-41D2-BEA6-1E2556CDEA26}.Debug|x64.ActiveCfg = Debug|x64
		{CF7AC3D1-E2DF-41D2-BEA6-1E2556CDEA26}.Debug|x64.Build.0 = Debug|x64
		{CF7AC3D1-E2DF-41D2-BEA6-1E2556CDEA26}.Debug|x86.ActiveCfg = Debug|Win32
		{CF7AC3D1-E2DF-41D2-BEA6-1E2556CDEA26}.Debug|x86.Build.0 = Debug|Win32
		{CF7AC3D1-E2DF-41D2-BEA6-1E2556CDEA26}.PGInstrument|ARM.ActiveCfg = PGInstrument|ARM
		{CF7AC3D1-E2DF-41D2-BEA6-1E2556CDEA26}.PGInstrument|ARM.Build.0 = PGInstrument|ARM
		{CF7AC3D1-E2DF-41D2-BEA6-1E2556CDEA26}.PGInstrument|ARM64.ActiveCfg = PGInstrument|ARM64
		{CF7AC3D1-E2DF-41D2-BEA6-1E2556CDEA26}.PGInstrument|ARM64.Build.0 = PGInstrument|ARM64
		{CF7AC3D1-E2DF-41D2-BEA6-1E2556CDEA26}.PGInstrument|x64.ActiveCfg = PGInstrument|x64
		{CF7AC3D1-E2DF-41D2-BEA6-1E2556CDEA26}.PGInstrument|x64.Build.0 = PGInstrument|x64
		{CF7AC3D1-E2DF-41D2-BEA6-1E2556CDEA26}.PGInstrument|x86.ActiveCfg = PGInstrument|Win32
		{CF7AC3D1-E2DF-41D2-BEA6-1E2556CDEA26}.PGInstrument|x86.Build.0 = PGInstrument|Win32
		{CF7AC3D1-E2DF-41D2-BEA6-1E2556CDEA26}.PGUpdate|ARM.ActiveCfg = PGUpdate|ARM
		{CF7AC3D1-E2DF-41D2-BEA6-1E2556CDEA26}.PGUpdate|ARM.Build.0 = PGUpdate|ARM
		{CF7AC3D1-E2DF-41D2-BEA6-1E2556CDEA26}.PGUpdate|ARM64.ActiveCfg = PGUpdate|ARM64
		{CF7AC3D1-E2DF-41D2-BEA6-1E2556CDEA26}.PGUpdate|ARM64.Build.0 = PGUpdate|ARM64
		{CF7AC3D1-E2DF-41D2-BEA6-1E2556CDEA26}.PGUpdate|x64.ActiveCfg = PGUpdate|x64
		{CF7AC3D1-E2DF-41D2-BEA6-1E2556CDEA26}.PGUpdate|x64.Build.0 = PGUpdate|x64
		{CF7AC3D1-E2DF-41D2-BEA6-1E2556CDEA26}.PGUpdate|x86.ActiveCfg = PGUpdate|Win32
		{CF7AC3D1-E2DF-41D2-BEA6-1E2556CDEA26}.PGUpdate|x86.Build.0 = PGUpdate|Win32
		{CF7AC3D1-E2DF-41D2-BEA6-1E2556CDEA26}.Release|ARM.ActiveCfg = Release|ARM
		{CF7AC3D1-E2DF-41D2-BEA6-1E2556CDEA26}.Release|ARM.Build.0 = Release|ARM
		{CF7AC3D1-E2DF-41D2-BEA6-1E2556CDEA26}.Release|ARM64.ActiveCfg = Release|ARM64
		{CF7AC3D1-E2DF-41D2-BEA6-1E2556CDEA26}.Release|ARM64.Build.0 = Release|ARM64
		{CF7AC3D1-E2DF-41D2-BEA6-1E2556CDEA26}.Release|x64.ActiveCfg = Release|x64
		{CF7AC3D1-E2DF-41D2-BEA6-1E2556CDEA26}.Release|x64.Build.0 = Release|x64
		{CF7AC3D1-E2DF-41D2-BEA6-1E2556CDEA26}.Release|x86.ActiveCfg = Release|Win32
		{CF7AC3D1-E2DF-41D2-BEA6-1E2556CDEA26}.Release|x86.Build.0 = Release|Win32
	EndGlobalSection
	GlobalSection(SolutionProperties) = preSolution
		HideSolutionNode = FALSE
	EndGlobalSection
	GlobalSection(ExtensibilityGlobals) = postSolution
		SolutionGuid = {9A2D065D-6A66-4F26-A683-16BFE2A69C7B}
	EndGlobalSection
EndGlobal
