<?xml version="1.0" encoding="utf-8"?>
<Project ToolsVersion="4.0" xmlns="http://schemas.microsoft.com/developer/msbuild/2003">
  <ItemGroup>
    <Filter Include="Source Files">
      <UniqueIdentifier>{4FC737F1-C7A5-4376-A066-2A32D752A2FF}</UniqueIdentifier>
      <Extensions>cpp;c;cc;cxx;c++;cppm;ixx;def;odl;idl;hpj;bat;asm;asmx</Extensions>
    </Filter>
    <Filter Include="Header Files">
      <UniqueIdentifier>{93995380-89BD-4b04-88EB-625FBE52EBFB}</UniqueIdentifier>
      <Extensions>h;hh;hpp;hxx;h++;hm;inl;inc;ipp;xsd</Extensions>
    </Filter>
    <Filter Include="Resource Files">
      <UniqueIdentifier>{67DA6AB6-F800-4c08-8B7A-83BB121AAD01}</UniqueIdentifier>
      <Extensions>rc;ico;cur;bmp;dlg;rc2;rct;bin;rgs;gif;jpg;jpeg;jpe;resx;tiff;tif;png;wav;mfcribbon-ms</Extensions>
    </Filter>
    <Filter Include="Source Files\Editors">
      <UniqueIdentifier>{607726e9-75ec-4767-9965-5472c6ffa665}</UniqueIdentifier>
    </Filter>
    <Filter Include="Header Files\Editors">
      <UniqueIdentifier>{b23fdeb3-59a1-4871-b485-b8f821a6000a}</UniqueIdentifier>
    </Filter>
    <Filter Include="Source Files\Vendor">
      <UniqueIdentifier>{6dc33769-8f76-48a0-815c-f89c40addf6b}</UniqueIdentifier>
    </Filter>
    <Filter Include="Header Files\Vendor">
      <UniqueIdentifier>{96c72934-dfe2-41dd-af58-2b4dd2cb595b}</UniqueIdentifier>
    </Filter>
    <Filter Include="Header Files\Editors\AssetsInspectors">
      <UniqueIdentifier>{755c125c-28b5-4a91-b6c7-ad02ebbb76dc}</UniqueIdentifier>
    </Filter>
    <Filter Include="Source Files\Editors\AssetsInspectors">
      <UniqueIdentifier>{b815e3fb-46f6-4d74-b158-32087113602b}</UniqueIdentifier>
    </Filter>
    <Filter Include="Resource Files\Vendor">
      <UniqueIdentifier>{b762b251-637d-424d-bacd-56d0ff93e005}</UniqueIdentifier>
    </Filter>
    <Filter Include="Header Files\EditorGUI">
      <UniqueIdentifier>{3d9a30be-9761-44bd-978d-9c640641536a}</UniqueIdentifier>
    </Filter>
    <Filter Include="Source Files\EditorGUI">
      <UniqueIdentifier>{dc4d83ce-5533-4d0f-a0b9-5ef4f51b65d1}</UniqueIdentifier>
    </Filter>
    <Filter Include="Source Files\Actors">
      <UniqueIdentifier>{277ac031-b654-41fa-b251-c89a9d8179be}</UniqueIdentifier>
    </Filter>
    <Filter Include="Header Files\Actors">
      <UniqueIdentifier>{c3841465-7e98-4847-9dd2-b4635ab1a3b5}</UniqueIdentifier>
    </Filter>
    <Filter Include="Source Files\Components">
      <UniqueIdentifier>{558f20e6-0623-4dc9-834b-4f19cda31966}</UniqueIdentifier>
    </Filter>
    <Filter Include="Header Files\Components">
      <UniqueIdentifier>{9eef83ee-cbb1-4020-8b97-81e60fc7e458}</UniqueIdentifier>
    </Filter>
  </ItemGroup>
  <ItemGroup>
    <ClCompile Include="main.cpp">
      <Filter>Source Files</Filter>
    </ClCompile>
    <ClCompile Include="EditorApp.cpp">
      <Filter>Source Files\Editors</Filter>
    </ClCompile>
    <ClCompile Include="SceneEditor.cpp">
      <Filter>Source Files\Editors</Filter>
    </ClCompile>
    <ClCompile Include="EditorWindow.cpp">
      <Filter>Source Files\Editors</Filter>
    </ClCompile>
    <ClCompile Include="HierarchyEditor.cpp">
      <Filter>Source Files\Editors</Filter>
    </ClCompile>
    <ClCompile Include="vendor\ImGuizmo.cpp">
      <Filter>Source Files\Vendor</Filter>
    </ClCompile>
    <ClCompile Include="FilesExplorer.cpp">
      <Filter>Source Files\Editors</Filter>
    </ClCompile>
    <ClCompile Include="AssetsEditor.cpp">
      <Filter>Source Files\Editors</Filter>
    </ClCompile>
    <ClCompile Include="MaterialAssetInspector.cpp">
      <Filter>Source Files\Editors\AssetsInspectors</Filter>
    </ClCompile>
    <ClCompile Include="AssetInspector.cpp">
      <Filter>Source Files\Editors\AssetsInspectors</Filter>
    </ClCompile>
    <ClCompile Include="MeshAssetInspector.cpp">
      <Filter>Source Files\Editors\AssetsInspectors</Filter>
    </ClCompile>
    <ClCompile Include="EditorGUI.cpp">
      <Filter>Source Files\EditorGUI</Filter>
    </ClCompile>
    <ClCompile Include="InspectorEditor.cpp">
      <Filter>Source Files\Editors</Filter>
    </ClCompile>
    <ClCompile Include="EditorCamera.cpp">
      <Filter>Source Files\Actors</Filter>
    </ClCompile>
    <ClCompile Include="CubeActor.cpp">
      <Filter>Source Files\Actors</Filter>
    </ClCompile>
    <ClCompile Include="MeshRenderer.cpp">
      <Filter>Source Files\Components</Filter>
    </ClCompile>
  </ItemGroup>
  <ItemGroup>
    <None Include="packages.config" />
  </ItemGroup>
  <ItemGroup>
    <ClInclude Include="EditorApp.h">
      <Filter>Header Files\Editors</Filter>
    </ClInclude>
    <ClInclude Include="EditorWindow.h">
      <Filter>Header Files\Editors</Filter>
    </ClInclude>
    <ClInclude Include="SceneEditor.h">
      <Filter>Header Files\Editors</Filter>
    </ClInclude>
    <ClInclude Include="HierarchyEditor.h">
      <Filter>Header Files\Editors</Filter>
    </ClInclude>
    <ClInclude Include="vendor\ImGuizmo.h">
      <Filter>Header Files\Vendor</Filter>
    </ClInclude>
    <ClInclude Include="AssetsEditor.h">
      <Filter>Header Files\Editors</Filter>
    </ClInclude>
    <ClInclude Include="MaterialAssetInspector.h">
      <Filter>Header Files\Editors\AssetsInspectors</Filter>
    </ClInclude>
    <ClInclude Include="AssetInspector.h">
      <Filter>Header Files\Editors\AssetsInspectors</Filter>
    </ClInclude>
    <ClInclude Include="FilesExplorer.h">
      <Filter>Header Files\Editors</Filter>
    </ClInclude>
    <ClInclude Include="MeshAssetInspector.h">
      <Filter>Header Files\Editors\AssetsInspectors</Filter>
    </ClInclude>
    <ClInclude Include="EditorGUI.h">
      <Filter>Header Files\EditorGUI</Filter>
    </ClInclude>
    <ClInclude Include="InspectorEditor.h">
      <Filter>Header Files\Editors</Filter>
    </ClInclude>
    <ClInclude Include="EditorCamera.h">
      <Filter>Header Files\Actors</Filter>
    </ClInclude>
    <ClInclude Include="CubeActor.h">
      <Filter>Header Files\Actors</Filter>
    </ClInclude>
    <ClInclude Include="MeshRenderer.h">
      <Filter>Header Files\Components</Filter>
    </ClInclude>
  </ItemGroup>
  <ItemGroup>
    <ResourceCompile Include="ETB.Editor.rc">
      <Filter>Resource Files</Filter>
    </ResourceCompile>
  </ItemGroup>
</Project>